// !$*UTF8*$!
{
	archiveVersion = 1;
	classes = {
	};
	objectVersion = 46;
	objects = {

/* Begin PBXBuildFile section */
		EE336A5A1EE475CE00068B1B /* AppDelegate.swift in Sources */ = {isa = PBXBuildFile; fileRef = EE336A591EE475CE00068B1B /* AppDelegate.swift */; };
		EE336A5C1EE475CE00068B1B /* ViewController.swift in Sources */ = {isa = PBXBuildFile; fileRef = EE336A5B1EE475CE00068B1B /* ViewController.swift */; };
		EE336A5F1EE475CE00068B1B /* Main.storyboard in Resources */ = {isa = PBXBuildFile; fileRef = EE336A5D1EE475CE00068B1B /* Main.storyboard */; };
		EE336A621EE475CE00068B1B /* TableTimeTable.xcdatamodeld in Sources */ = {isa = PBXBuildFile; fileRef = EE336A601EE475CE00068B1B /* TableTimeTable.xcdatamodeld */; };
		EE336A641EE475CE00068B1B /* Assets.xcassets in Resources */ = {isa = PBXBuildFile; fileRef = EE336A631EE475CE00068B1B /* Assets.xcassets */; };
		EE336A671EE475CE00068B1B /* LaunchScreen.storyboard in Resources */ = {isa = PBXBuildFile; fileRef = EE336A651EE475CE00068B1B /* LaunchScreen.storyboard */; };
		EE336A721EE475CE00068B1B /* TableTimeTableTests.swift in Sources */ = {isa = PBXBuildFile; fileRef = EE336A711EE475CE00068B1B /* TableTimeTableTests.swift */; };
		EE336A7D1EE475CE00068B1B /* TableTimeTableUITests.swift in Sources */ = {isa = PBXBuildFile; fileRef = EE336A7C1EE475CE00068B1B /* TableTimeTableUITests.swift */; };
		EE336A8B1EE531D000068B1B /* CollectionViewController.swift in Sources */ = {isa = PBXBuildFile; fileRef = EE336A8A1EE531D000068B1B /* CollectionViewController.swift */; };
		EE336A8D1EE5325C00068B1B /* CollectionViewCell.swift in Sources */ = {isa = PBXBuildFile; fileRef = EE336A8C1EE5325C00068B1B /* CollectionViewCell.swift */; };
/* End PBXBuildFile section */

/* Begin PBXContainerItemProxy section */
		EE336A6E1EE475CE00068B1B /* PBXContainerItemProxy */ = {
			isa = PBXContainerItemProxy;
			containerPortal = EE336A4E1EE475CE00068B1B /* Project object */;
			proxyType = 1;
			remoteGlobalIDString = EE336A551EE475CE00068B1B;
			remoteInfo = TableTimeTable;
		};
		EE336A791EE475CE00068B1B /* PBXContainerItemProxy */ = {
			isa = PBXContainerItemProxy;
			containerPortal = EE336A4E1EE475CE00068B1B /* Project object */;
			proxyType = 1;
			remoteGlobalIDString = EE336A551EE475CE00068B1B;
			remoteInfo = TableTimeTable;
		};
/* End PBXContainerItemProxy section */

/* Begin PBXFileReference section */
		EE336A561EE475CE00068B1B /* TableTimeTable.app */ = {isa = PBXFileReference; explicitFileType = wrapper.application; includeInIndex = 0; path = TableTimeTable.app; sourceTree = BUILT_PRODUCTS_DIR; };
		EE336A591EE475CE00068B1B /* AppDelegate.swift */ = {isa = PBXFileReference; lastKnownFileType = sourcecode.swift; path = AppDelegate.swift; sourceTree = "<group>"; };
		EE336A5B1EE475CE00068B1B /* ViewController.swift */ = {isa = PBXFileReference; lastKnownFileType = sourcecode.swift; path = ViewController.swift; sourceTree = "<group>"; };
		EE336A5E1EE475CE00068B1B /* Base */ = {isa = PBXFileReference; lastKnownFileType = file.storyboard; name = Base; path = Base.lproj/Main.storyboard; sourceTree = "<group>"; };
		EE336A611EE475CE00068B1B /* TableTimeTable.xcdatamodel */ = {isa = PBXFileReference; lastKnownFileType = wrapper.xcdatamodel; path = TableTimeTable.xcdatamodel; sourceTree = "<group>"; };
		EE336A631EE475CE00068B1B /* Assets.xcassets */ = {isa = PBXFileReference; lastKnownFileType = folder.assetcatalog; path = Assets.xcassets; sourceTree = "<group>"; };
		EE336A661EE475CE00068B1B /* Base */ = {isa = PBXFileReference; lastKnownFileType = file.storyboard; name = Base; path = Base.lproj/LaunchScreen.storyboard; sourceTree = "<group>"; };
		EE336A681EE475CE00068B1B /* Info.plist */ = {isa = PBXFileReference; lastKnownFileType = text.plist.xml; path = Info.plist; sourceTree = "<group>"; };
		EE336A6D1EE475CE00068B1B /* TableTimeTableTests.xctest */ = {isa = PBXFileReference; explicitFileType = wrapper.cfbundle; includeInIndex = 0; path = TableTimeTableTests.xctest; sourceTree = BUILT_PRODUCTS_DIR; };
		EE336A711EE475CE00068B1B /* TableTimeTableTests.swift */ = {isa = PBXFileReference; lastKnownFileType = sourcecode.swift; path = TableTimeTableTests.swift; sourceTree = "<group>"; };
		EE336A731EE475CE00068B1B /* Info.plist */ = {isa = PBXFileReference; lastKnownFileType = text.plist.xml; path = Info.plist; sourceTree = "<group>"; };
		EE336A781EE475CE00068B1B /* TableTimeTableUITests.xctest */ = {isa = PBXFileReference; explicitFileType = wrapper.cfbundle; includeInIndex = 0; path = TableTimeTableUITests.xctest; sourceTree = BUILT_PRODUCTS_DIR; };
		EE336A7C1EE475CE00068B1B /* TableTimeTableUITests.swift */ = {isa = PBXFileReference; lastKnownFileType = sourcecode.swift; path = TableTimeTableUITests.swift; sourceTree = "<group>"; };
		EE336A7E1EE475CE00068B1B /* Info.plist */ = {isa = PBXFileReference; lastKnownFileType = text.plist.xml; path = Info.plist; sourceTree = "<group>"; };
		EE336A8A1EE531D000068B1B /* CollectionViewController.swift */ = {isa = PBXFileReference; fileEncoding = 4; lastKnownFileType = sourcecode.swift; path = CollectionViewController.swift; sourceTree = "<group>"; };
		EE336A8C1EE5325C00068B1B /* CollectionViewCell.swift */ = {isa = PBXFileReference; fileEncoding = 4; lastKnownFileType = sourcecode.swift; path = CollectionViewCell.swift; sourceTree = "<group>"; };
/* End PBXFileReference section */

/* Begin PBXFrameworksBuildPhase section */
		EE336A531EE475CE00068B1B /* Frameworks */ = {
			isa = PBXFrameworksBuildPhase;
			buildActionMask = 2147483647;
			files = (
			);
			runOnlyForDeploymentPostprocessing = 0;
		};
		EE336A6A1EE475CE00068B1B /* Frameworks */ = {
			isa = PBXFrameworksBuildPhase;
			buildActionMask = 2147483647;
			files = (
			);
			runOnlyForDeploymentPostprocessing = 0;
		};
		EE336A751EE475CE00068B1B /* Frameworks */ = {
			isa = PBXFrameworksBuildPhase;
			buildActionMask = 2147483647;
			files = (
			);
			runOnlyForDeploymentPostprocessing = 0;
		};
/* End PBXFrameworksBuildPhase section */

/* Begin PBXGroup section */
		EE336A4D1EE475CE00068B1B = {
			isa = PBXGroup;
			children = (
				EE336A581EE475CE00068B1B /* TableTimeTable */,
				EE336A701EE475CE00068B1B /* TableTimeTableTests */,
				EE336A7B1EE475CE00068B1B /* TableTimeTableUITests */,
				EE336A571EE475CE00068B1B /* Products */,
			);
			sourceTree = "<group>";
		};
		EE336A571EE475CE00068B1B /* Products */ = {
			isa = PBXGroup;
			children = (
				EE336A561EE475CE00068B1B /* TableTimeTable.app */,
				EE336A6D1EE475CE00068B1B /* TableTimeTableTests.xctest */,
				EE336A781EE475CE00068B1B /* TableTimeTableUITests.xctest */,
			);
			name = Products;
			sourceTree = "<group>";
		};
		EE336A581EE475CE00068B1B /* TableTimeTable */ = {
			isa = PBXGroup;
			children = (
				EE336A591EE475CE00068B1B /* AppDelegate.swift */,
				EE336A5B1EE475CE00068B1B /* ViewController.swift */,
				EE336A5D1EE475CE00068B1B /* Main.storyboard */,
				EE336A631EE475CE00068B1B /* Assets.xcassets */,
				EE336A651EE475CE00068B1B /* LaunchScreen.storyboard */,
				EE336A681EE475CE00068B1B /* Info.plist */,
				EE336A601EE475CE00068B1B /* TableTimeTable.xcdatamodeld */,
				EE336A8A1EE531D000068B1B /* CollectionViewController.swift */,
				EE336A8C1EE5325C00068B1B /* CollectionViewCell.swift */,
			);
			path = TableTimeTable;
			sourceTree = "<group>";
		};
		EE336A701EE475CE00068B1B /* TableTimeTableTests */ = {
			isa = PBXGroup;
			children = (
				EE336A711EE475CE00068B1B /* TableTimeTableTests.swift */,
				EE336A731EE475CE00068B1B /* Info.plist */,
			);
			path = TableTimeTableTests;
			sourceTree = "<group>";
		};
		EE336A7B1EE475CE00068B1B /* TableTimeTableUITests */ = {
			isa = PBXGroup;
			children = (
				EE336A7C1EE475CE00068B1B /* TableTimeTableUITests.swift */,
				EE336A7E1EE475CE00068B1B /* Info.plist */,
			);
			path = TableTimeTableUITests;
			sourceTree = "<group>";
		};
/* End PBXGroup section */

/* Begin PBXNativeTarget section */
		EE336A551EE475CE00068B1B /* TableTimeTable */ = {
			isa = PBXNativeTarget;
			buildConfigurationList = EE336A811EE475CE00068B1B /* Build configuration list for PBXNativeTarget "TableTimeTable" */;
			buildPhases = (
				EE336A521EE475CE00068B1B /* Sources */,
				EE336A531EE475CE00068B1B /* Frameworks */,
				EE336A541EE475CE00068B1B /* Resources */,
			);
			buildRules = (
			);
			dependencies = (
			);
			name = TableTimeTable;
			productName = TableTimeTable;
			productReference = EE336A561EE475CE00068B1B /* TableTimeTable.app */;
			productType = "com.apple.product-type.application";
		};
		EE336A6C1EE475CE00068B1B /* TableTimeTableTests */ = {
			isa = PBXNativeTarget;
			buildConfigurationList = EE336A841EE475CE00068B1B /* Build configuration list for PBXNativeTarget "TableTimeTableTests" */;
			buildPhases = (
				EE336A691EE475CE00068B1B /* Sources */,
				EE336A6A1EE475CE00068B1B /* Frameworks */,
				EE336A6B1EE475CE00068B1B /* Resources */,
			);
			buildRules = (
			);
			dependencies = (
				EE336A6F1EE475CE00068B1B /* PBXTargetDependency */,
			);
			name = TableTimeTableTests;
			productName = TableTimeTableTests;
			productReference = EE336A6D1EE475CE00068B1B /* TableTimeTableTests.xctest */;
			productType = "com.apple.product-type.bundle.unit-test";
		};
		EE336A771EE475CE00068B1B /* TableTimeTableUITests */ = {
			isa = PBXNativeTarget;
			buildConfigurationList = EE336A871EE475CE00068B1B /* Build configuration list for PBXNativeTarget "TableTimeTableUITests" */;
			buildPhases = (
				EE336A741EE475CE00068B1B /* Sources */,
				EE336A751EE475CE00068B1B /* Frameworks */,
				EE336A761EE475CE00068B1B /* Resources */,
			);
			buildRules = (
			);
			dependencies = (
				EE336A7A1EE475CE00068B1B /* PBXTargetDependency */,
			);
			name = TableTimeTableUITests;
			productName = TableTimeTableUITests;
			productReference = EE336A781EE475CE00068B1B /* TableTimeTableUITests.xctest */;
			productType = "com.apple.product-type.bundle.ui-testing";
		};
/* End PBXNativeTarget section */

/* Begin PBXProject section */
		EE336A4E1EE475CE00068B1B /* Project object */ = {
			isa = PBXProject;
			attributes = {
				LastSwiftUpdateCheck = 0830;
				LastUpgradeCheck = 0830;
				ORGANIZATIONNAME = "Tarun kaushik";
				TargetAttributes = {
					EE336A551EE475CE00068B1B = {
						CreatedOnToolsVersion = 8.3.2;
						DevelopmentTeam = K8689CZ4BV;
						ProvisioningStyle = Automatic;
					};
					EE336A6C1EE475CE00068B1B = {
						CreatedOnToolsVersion = 8.3.2;
						DevelopmentTeam = K8689CZ4BV;
						ProvisioningStyle = Automatic;
						TestTargetID = EE336A551EE475CE00068B1B;
					};
					EE336A771EE475CE00068B1B = {
						CreatedOnToolsVersion = 8.3.2;
						DevelopmentTeam = K8689CZ4BV;
						ProvisioningStyle = Automatic;
						TestTargetID = EE336A551EE475CE00068B1B;
					};
				};
			};
			buildConfigurationList = EE336A511EE475CE00068B1B /* Build configuration list for PBXProject "TableTimeTable" */;
			compatibilityVersion = "Xcode 3.2";
			developmentRegion = English;
			hasScannedForEncodings = 0;
			knownRegions = (
				en,
				Base,
			);
			mainGroup = EE336A4D1EE475CE00068B1B;
			productRefGroup = EE336A571EE475CE00068B1B /* Products */;
			projectDirPath = "";
			projectRoot = "";
			targets = (
				EE336A551EE475CE00068B1B /* TableTimeTable */,
				EE336A6C1EE475CE00068B1B /* TableTimeTableTests */,
				EE336A771EE475CE00068B1B /* TableTimeTableUITests */,
			);
		};
/* End PBXProject section */

/* Begin PBXResourcesBuildPhase section */
		EE336A541EE475CE00068B1B /* Resources */ = {
			isa = PBXResourcesBuildPhase;
			buildActionMask = 2147483647;
			files = (
				EE336A671EE475CE00068B1B /* LaunchScreen.storyboard in Resources */,
				EE336A641EE475CE00068B1B /* Assets.xcassets in Resources */,
				EE336A5F1EE475CE00068B1B /* Main.storyboard in Resources */,
			);
			runOnlyForDeploymentPostprocessing = 0;
		};
		EE336A6B1EE475CE00068B1B /* Resources */ = {
			isa = PBXResourcesBuildPhase;
			buildActionMask = 2147483647;
			files = (
			);
			runOnlyForDeploymentPostprocessing = 0;
		};
		EE336A761EE475CE00068B1B /* Resources */ = {
			isa = PBXResourcesBuildPhase;
			buildActionMask = 2147483647;
			files = (
			);
			runOnlyForDeploymentPostprocessing = 0;
		};
/* End PBXResourcesBuildPhase section */

/* Begin PBXSourcesBuildPhase section */
		EE336A521EE475CE00068B1B /* Sources */ = {
			isa = PBXSourcesBuildPhase;
			buildActionMask = 2147483647;
			files = (
				EE336A8D1EE5325C00068B1B /* CollectionViewCell.swift in Sources */,
				EE336A8B1EE531D000068B1B /* CollectionViewController.swift in Sources */,
				EE336A5C1EE475CE00068B1B /* ViewController.swift in Sources */,
				EE336A621EE475CE00068B1B /* TableTimeTable.xcdatamodeld in Sources */,
				EE336A5A1EE475CE00068B1B /* AppDelegate.swift in Sources */,
			);
			runOnlyForDeploymentPostprocessing = 0;
		};
		EE336A691EE475CE00068B1B /* Sources */ = {
			isa = PBXSourcesBuildPhase;
			buildActionMask = 2147483647;
			files = (
				EE336A721EE475CE00068B1B /* TableTimeTableTests.swift in Sources */,
			);
			runOnlyForDeploymentPostprocessing = 0;
		};
		EE336A741EE475CE00068B1B /* Sources */ = {
			isa = PBXSourcesBuildPhase;
			buildActionMask = 2147483647;
			files = (
				EE336A7D1EE475CE00068B1B /* TableTimeTableUITests.swift in Sources */,
			);
			runOnlyForDeploymentPostprocessing = 0;
		};
/* End PBXSourcesBuildPhase section */

/* Begin PBXTargetDependency section */
		EE336A6F1EE475CE00068B1B /* PBXTargetDependency */ = {
			isa = PBXTargetDependency;
			target = EE336A551EE475CE00068B1B /* TableTimeTable */;
			targetProxy = EE336A6E1EE475CE00068B1B /* PBXContainerItemProxy */;
		};
		EE336A7A1EE475CE00068B1B /* PBXTargetDependency */ = {
			isa = PBXTargetDependency;
			target = EE336A551EE475CE00068B1B /* TableTimeTable */;
			targetProxy = EE336A791EE475CE00068B1B /* PBXContainerItemProxy */;
		};
/* End PBXTargetDependency section */

/* Begin PBXVariantGroup section */
		EE336A5D1EE475CE00068B1B /* Main.storyboard */ = {
			isa = PBXVariantGroup;
			children = (
				EE336A5E1EE475CE00068B1B /* Base */,
			);
			name = Main.storyboard;
			sourceTree = "<group>";
		};
		EE336A651EE475CE00068B1B /* LaunchScreen.storyboard */ = {
			isa = PBXVariantGroup;
			children = (
				EE336A661EE475CE00068B1B /* Base */,
			);
			name = LaunchScreen.storyboard;
			sourceTree = "<group>";
		};
/* End PBXVariantGroup section */

/* Begin XCBuildConfiguration section */
		EE336A7F1EE475CE00068B1B /* Debug */ = {
			isa = XCBuildConfiguration;
			buildSettings = {
				ALWAYS_SEARCH_USER_PATHS = NO;
				CLANG_ANALYZER_NONNULL = YES;
				CLANG_ANALYZER_NUMBER_OBJECT_CONVERSION = YES_AGGRESSIVE;
				CLANG_CXX_LANGUAGE_STANDARD = "gnu++0x";
				CLANG_CXX_LIBRARY = "libc++";
				CLANG_ENABLE_MODULES = YES;
				CLANG_ENABLE_OBJC_ARC = YES;
				CLANG_WARN_BOOL_CONVERSION = YES;
				CLANG_WARN_CONSTANT_CONVERSION = YES;
				CLANG_WARN_DIRECT_OBJC_ISA_USAGE = YES_ERROR;
				CLANG_WARN_DOCUMENTATION_COMMENTS = YES;
				CLANG_WARN_EMPTY_BODY = YES;
				CLANG_WARN_ENUM_CONVERSION = YES;
				CLANG_WARN_INFINITE_RECURSION = YES;
				CLANG_WARN_INT_CONVERSION = YES;
				CLANG_WARN_OBJC_ROOT_CLASS = YES_ERROR;
				CLANG_WARN_SUSPICIOUS_MOVE = YES;
				CLANG_WARN_UNREACHABLE_CODE = YES;
				CLANG_WARN__DUPLICATE_METHOD_MATCH = YES;
				"CODE_SIGN_IDENTITY[sdk=iphoneos*]" = "iPhone Developer";
				COPY_PHASE_STRIP = NO;
				DEBUG_INFORMATION_FORMAT = dwarf;
				ENABLE_STRICT_OBJC_MSGSEND = YES;
				ENABLE_TESTABILITY = YES;
				GCC_C_LANGUAGE_STANDARD = gnu99;
				GCC_DYNAMIC_NO_PIC = NO;
				GCC_NO_COMMON_BLOCKS = YES;
				GCC_OPTIMIZATION_LEVEL = 0;
				GCC_PREPROCESSOR_DEFINITIONS = (
					"DEBUG=1",
					"$(inherited)",
				);
				GCC_WARN_64_TO_32_BIT_CONVERSION = YES;
				GCC_WARN_ABOUT_RETURN_TYPE = YES_ERROR;
				GCC_WARN_UNDECLARED_SELECTOR = YES;
				GCC_WARN_UNINITIALIZED_AUTOS = YES_AGGRESSIVE;
				GCC_WARN_UNUSED_FUNCTION = YES;
				GCC_WARN_UNUSED_VARIABLE = YES;
				IPHONEOS_DEPLOYMENT_TARGET = 10.3;
				MTL_ENABLE_DEBUG_INFO = YES;
				ONLY_ACTIVE_ARCH = YES;
				SDKROOT = iphoneos;
				SWIFT_ACTIVE_COMPILATION_CONDITIONS = DEBUG;
				SWIFT_OPTIMIZATION_LEVEL = "-Onone";
				TARGETED_DEVICE_FAMILY = "1,2";
			};
			name = Debug;
		};
		EE336A801EE475CE00068B1B /* Release */ = {
			isa = XCBuildConfiguration;
			buildSettings = {
				ALWAYS_SEARCH_USER_PATHS = NO;
				CLANG_ANALYZER_NONNULL = YES;
				CLANG_ANALYZER_NUMBER_OBJECT_CONVERSION = YES_AGGRESSIVE;
				CLANG_CXX_LANGUAGE_STANDARD = "gnu++0x";
				CLANG_CXX_LIBRARY = "libc++";
				CLANG_ENABLE_MODULES = YES;
				CLANG_ENABLE_OBJC_ARC = YES;
				CLANG_WARN_BOOL_CONVERSION = YES;
				CLANG_WARN_CONSTANT_CONVERSION = YES;
				CLANG_WARN_DIRECT_OBJC_ISA_USAGE = YES_ERROR;
				CLANG_WARN_DOCUMENTATION_COMMENTS = YES;
				CLANG_WARN_EMPTY_BODY = YES;
				CLANG_WARN_ENUM_CONVERSION = YES;
				CLANG_WARN_INFINITE_RECURSION = YES;
				CLANG_WARN_INT_CONVERSION = YES;
				CLANG_WARN_OBJC_ROOT_CLASS = YES_ERROR;
				CLANG_WARN_SUSPICIOUS_MOVE = YES;
				CLANG_WARN_UNREACHABLE_CODE = YES;
				CLANG_WARN__DUPLICATE_METHOD_MATCH = YES;
				"CODE_SIGN_IDENTITY[sdk=iphoneos*]" = "iPhone Developer";
				COPY_PHASE_STRIP = NO;
				DEBUG_INFORMATION_FORMAT = "dwarf-with-dsym";
				ENABLE_NS_ASSERTIONS = NO;
				ENABLE_STRICT_OBJC_MSGSEND = YES;
				GCC_C_LANGUAGE_STANDARD = gnu99;
				GCC_NO_COMMON_BLOCKS = YES;
				GCC_WARN_64_TO_32_BIT_CONVERSION = YES;
				GCC_WARN_ABOUT_RETURN_TYPE = YES_ERROR;
				GCC_WARN_UNDECLARED_SELECTOR = YES;
				GCC_WARN_UNINITIALIZED_AUTOS = YES_AGGRESSIVE;
				GCC_WARN_UNUSED_FUNCTION = YES;
				GCC_WARN_UNUSED_VARIABLE = YES;
				IPHONEOS_DEPLOYMENT_TARGET = 10.3;
				MTL_ENABLE_DEBUG_INFO = NO;
				SDKROOT = iphoneos;
				SWIFT_OPTIMIZATION_LEVEL = "-Owholemodule";
				TARGETED_DEVICE_FAMILY = "1,2";
				VALIDATE_PRODUCT = YES;
			};
			name = Release;
		};
		EE336A821EE475CE00068B1B /* Debug */ = {
			isa = XCBuildConfiguration;
			buildSettings = {
				ASSETCATALOG_COMPILER_APPICON_NAME = AppIcon;
				DEVELOPMENT_TEAM = K8689CZ4BV;
				INFOPLIST_FILE = TableTimeTable/Info.plist;
				LD_RUNPATH_SEARCH_PATHS = "$(inherited) @executable_path/Frameworks";
				PRODUCT_BUNDLE_IDENTIFIER = com.TK.TableTimeTable;
				PRODUCT_NAME = "$(TARGET_NAME)";
				SWIFT_VERSION = 3.0;
			};
			name = Debug;
		};
		EE336A831EE475CE00068B1B /* Release */ = {
			isa = XCBuildConfiguration;
			buildSettings = {
				ASSETCATALOG_COMPILER_APPICON_NAME = AppIcon;
				DEVELOPMENT_TEAM = K8689CZ4BV;
				INFOPLIST_FILE = TableTimeTable/Info.plist;
				LD_RUNPATH_SEARCH_PATHS = "$(inherited) @executable_path/Frameworks";
				PRODUCT_BUNDLE_IDENTIFIER = com.TK.TableTimeTable;
				PRODUCT_NAME = "$(TARGET_NAME)";
				SWIFT_VERSION = 3.0;
			};
			name = Release;
		};
		EE336A851EE475CE00068B1B /* Debug */ = {
			isa = XCBuildConfiguration;
			buildSettings = {
				ALWAYS_EMBED_SWIFT_STANDARD_LIBRARIES = YES;
				BUNDLE_LOADER = "$(TEST_HOST)";
				DEVELOPMENT_TEAM = K8689CZ4BV;
				INFOPLIST_FILE = TableTimeTableTests/Info.plist;
				LD_RUNPATH_SEARCH_PATHS = "$(inherited) @executable_path/Frameworks @loader_path/Frameworks";
				PRODUCT_BUNDLE_IDENTIFIER = com.TK.TableTimeTableTests;
				PRODUCT_NAME = "$(TARGET_NAME)";
				SWIFT_VERSION = 3.0;
				TEST_HOST = "$(BUILT_PRODUCTS_DIR)/TableTimeTable.app/TableTimeTable";
			};
			name = Debug;
		};
		EE336A861EE475CE00068B1B /* Release */ = {
			isa = XCBuildConfiguration;
			buildSettings = {
				ALWAYS_EMBED_SWIFT_STANDARD_LIBRARIES = YES;
				BUNDLE_LOADER = "$(TEST_HOST)";
				DEVELOPMENT_TEAM = K8689CZ4BV;
				INFOPLIST_FILE = TableTimeTableTests/Info.plist;
				LD_RUNPATH_SEARCH_PATHS = "$(inherited) @executable_path/Frameworks @loader_path/Frameworks";
				PRODUCT_BUNDLE_IDENTIFIER = com.TK.TableTimeTableTests;
				PRODUCT_NAME = "$(TARGET_NAME)";
				SWIFT_VERSION = 3.0;
				TEST_HOST = "$(BUILT_PRODUCTS_DIR)/TableTimeTable.app/TableTimeTable";
			};
			name = Release;
		};
		EE336A881EE475CE00068B1B /* Debug */ = {
			isa = XCBuildConfiguration;
			buildSettings = {
				ALWAYS_EMBED_SWIFT_STANDARD_LIBRARIES = YES;
				DEVELOPMENT_TEAM = K8689CZ4BV;
				INFOPLIST_FILE = TableTimeTableUITests/Info.plist;
				LD_RUNPATH_SEARCH_PATHS = "$(inherited) @executable_path/Frameworks @loader_path/Frameworks";
				PRODUCT_BUNDLE_IDENTIFIER = com.TK.TableTimeTableUITests;
				PRODUCT_NAME = "$(TARGET_NAME)";
				SWIFT_VERSION = 3.0;
				TEST_TARGET_NAME = TableTimeTable;
			};
			name = Debug;
		};
		EE336A891EE475CE00068B1B /* Release */ = {
			isa = XCBuildConfiguration;
			buildSettings = {
				ALWAYS_EMBED_SWIFT_STANDARD_LIBRARIES = YES;
				DEVELOPMENT_TEAM = K8689CZ4BV;
				INFOPLIST_FILE = TableTimeTableUITests/Info.plist;
				LD_RUNPATH_SEARCH_PATHS = "$(inherited) @executable_path/Frameworks @loader_path/Frameworks";
				PRODUCT_BUNDLE_IDENTIFIER = com.TK.TableTimeTableUITests;
				PRODUCT_NAME = "$(TARGET_NAME)";
				SWIFT_VERSION = 3.0;
				TEST_TARGET_NAME = TableTimeTable;
			};
			name = Release;
		};
/* End XCBuildConfiguration section */

/* Begin XCConfigurationList section */
		EE336A511EE475CE00068B1B /* Build configuration list for PBXProject "TableTimeTable" */ = {
			isa = XCConfigurationList;
			buildConfigurations = (
				EE336A7F1EE475CE00068B1B /* Debug */,
				EE336A801EE475CE00068B1B /* Release */,
			);
			defaultConfigurationIsVisible = 0;
			defaultConfigurationName = Release;
		};
		EE336A811EE475CE00068B1B /* Build configuration list for PBXNativeTarget "TableTimeTable" */ = {
			isa = XCConfigurationList;
			buildConfigurations = (
				EE336A821EE475CE00068B1B /* Debug */,
				EE336A831EE475CE00068B1B /* Release */,
			);
			defaultConfigurationIsVisible = 0;
		};
		EE336A841EE475CE00068B1B /* Build configuration list for PBXNativeTarget "TableTimeTableTests" */ = {
			isa = XCConfigurationList;
			buildConfigurations = (
				EE336A851EE475CE00068B1B /* Debug */,
				EE336A861EE475CE00068B1B /* Release */,
			);
			defaultConfigurationIsVisible = 0;
		};
		EE336A871EE475CE00068B1B /* Build configuration list for PBXNativeTarget "TableTimeTableUITests" */ = {
			isa = XCConfigurationList;
			buildConfigurations = (
				EE336A881EE475CE00068B1B /* Debug */,
				EE336A891EE475CE00068B1B /* Release */,
			);
			defaultConfigurationIsVisible = 0;
		};
/* End XCConfigurationList section */

/* Begin XCVersionGroup section */
		EE336A601EE475CE00068B1B /* TableTimeTable.xcdatamodeld */ = {
			isa = XCVersionGroup;
			children = (
				EE336A611EE475CE00068B1B /* TableTimeTable.xcdatamodel */,
			);
			currentVersion = EE336A611EE475CE00068B1B /* TableTimeTable.xcdatamodel */;
			path = TableTimeTable.xcdatamodeld;
			sourceTree = "<group>";
			versionGroupType = wrapper.xcdatamodel;
		};
/* End XCVersionGroup section */
	};
	rootObject = EE336A4E1EE475CE00068B1B /* Project object */;
}
